
Microsoft Visual Studio Solution File, Format Version 12.00
# Visual Studio Version 17
VisualStudioVersion = 17.2.32526.322
MinimumVisualStudioVersion = 10.0.40219.1
Project("{9A19103F-16F7-4668-BE54-9A1E7A4F7556}") = "Reader.Server", "Reader\Server\Reader.Server.csproj", "{BC5DF348-4AFB-4355-AC03-F8B67573731B}"
EndProject
Project("{9A19103F-16F7-4668-BE54-9A1E7A4F7556}") = "Reader.Client", "Reader\Client\Reader.Client.csproj", "{2F1CBE58-9ECF-4BFE-82F1-063863B270A6}"
EndProject
Project("{9A19103F-16F7-4668-BE54-9A1E7A4F7556}") = "Reader.Shared", "Reader\Shared\Reader.Shared.csproj", "{F1F36322-D7B5-4D98-A448-D8A292F848DC}"
EndProject
Global
	GlobalSection(SolutionConfigurationPlatforms) = preSolution
		Debug|Any CPU = Debug|Any CPU
		Release|Any CPU = Release|Any CPU
	EndGlobalSection
	GlobalSection(ProjectConfigurationPlatforms) = postSolution
		{BC5DF348-4AFB-4355-AC03-F8B67573731B}.Debug|Any CPU.ActiveCfg = Debug|Any CPU
		{BC5DF348-4AFB-4355-AC03-F8B67573731B}.Debug|Any CPU.Build.0 = Debug|Any CPU
		{BC5DF348-4AFB-4355-AC03-F8B67573731B}.Release|Any CPU.ActiveCfg = Release|Any CPU
		{BC5DF348-4AFB-4355-AC03-F8B67573731B}.Release|Any CPU.Build.0 = Release|Any CPU
		{2F1CBE58-9ECF-4BFE-82F1-063863B270A6}.Debug|Any CPU.ActiveCfg = Debug|Any CPU
		{2F1CBE58-9ECF-4BFE-82F1-063863B270A6}.Debug|Any CPU.Build.0 = Debug|Any CPU
		{2F1CBE58-9ECF-4BFE-82F1-063863B270A6}.Release|Any CPU.ActiveCfg = Release|Any CPU
		{2F1CBE58-9ECF-4BFE-82F1-063863B270A6}.Release|Any CPU.Build.0 = Release|Any CPU
		{F1F36322-D7B5-4D98-A448-D8A292F848DC}.Debug|Any CPU.ActiveCfg = Debug|Any CPU
		{F1F36322-D7B5-4D98-A448-D8A292F848DC}.Debug|Any CPU.Build.0 = Debug|Any CPU
		{F1F36322-D7B5-4D98-A448-D8A292F848DC}.Release|Any CPU.ActiveCfg = Release|Any CPU
		{F1F36322-D7B5-4D98-A448-D8A292F848DC}.Release|Any CPU.Build.0 = Release|Any CPU
	EndGlobalSection
	GlobalSection(SolutionProperties) = preSolution
		HideSolutionNode = FALSE
	EndGlobalSection
	GlobalSection(ExtensibilityGlobals) = postSolution
		SolutionGuid = {CF75FF89-8D25-48CC-A0EB-A56DEFAEFB11}
	EndGlobalSection
EndGlobal
